
Microsoft Visual Studio Solution File, Format Version 12.00
Project("{FAE04EC0-301F-11D3-BF4B-00C04F79EFBC}") = "AoC_1", "AoC_1\AoC_1.csproj", "{5F008564-9746-4D95-ABF0-71F2398F3356}"
EndProject
Global
	GlobalSection(SolutionConfigurationPlatforms) = preSolution
		Debug|Any CPU = Debug|Any CPU
		Release|Any CPU = Release|Any CPU
	EndGlobalSection
	GlobalSection(ProjectConfigurationPlatforms) = postSolution
		{5F008564-9746-4D95-ABF0-71F2398F3356}.Debug|Any CPU.ActiveCfg = Debug|Any CPU
		{5F008564-9746-4D95-ABF0-71F2398F3356}.Debug|Any CPU.Build.0 = Debug|Any CPU
		{5F008564-9746-4D95-ABF0-71F2398F3356}.Release|Any CPU.ActiveCfg = Release|Any CPU
		{5F008564-9746-4D95-ABF0-71F2398F3356}.Release|Any CPU.Build.0 = Release|Any CPU
	EndGlobalSection
EndGlobal
